// !$*UTF8*$!
{
	archiveVersion = 1;
	classes = {
	};
	objectVersion = 46;
	objects = {

/* Begin PBXBuildFile section */
		1106B3E51D21CD8600867C30 /* MapKit.framework in Frameworks */ = {isa = PBXBuildFile; fileRef = 1106B3E41D21CD8600867C30 /* MapKit.framework */; };
		1116D62E1D234EA500403492 /* TourGuides.swift in Sources */ = {isa = PBXBuildFile; fileRef = 1116D62D1D234EA500403492 /* TourGuides.swift */; };
		1116D6321D24D6AE00403492 /* TourGuidesTableViewController.swift in Sources */ = {isa = PBXBuildFile; fileRef = 1116D6311D24D6AE00403492 /* TourGuidesTableViewController.swift */; };
		1116D63A1D25836E00403492 /* TourGuidesDetailViewController.swift in Sources */ = {isa = PBXBuildFile; fileRef = 1116D6391D25836E00403492 /* TourGuidesDetailViewController.swift */; };
		1116D63C1D2C4F5C00403492 /* RegistrationViewController.swift in Sources */ = {isa = PBXBuildFile; fileRef = 1116D63B1D2C4F5C00403492 /* RegistrationViewController.swift */; };
		1116D6931D35BCEA00403492 /* GoogleService-Info.plist in Resources */ = {isa = PBXBuildFile; fileRef = 1116D6921D35BCEA00403492 /* GoogleService-Info.plist */; };
		116D63221D0A1CE60039729A /* AppDelegate.swift in Sources */ = {isa = PBXBuildFile; fileRef = 116D63211D0A1CE60039729A /* AppDelegate.swift */; };
		116D63241D0A1CE60039729A /* LoginViewController.swift in Sources */ = {isa = PBXBuildFile; fileRef = 116D63231D0A1CE60039729A /* LoginViewController.swift */; };
		116D63271D0A1CE60039729A /* Main.storyboard in Resources */ = {isa = PBXBuildFile; fileRef = 116D63251D0A1CE60039729A /* Main.storyboard */; };
		116D63291D0A1CE60039729A /* Assets.xcassets in Resources */ = {isa = PBXBuildFile; fileRef = 116D63281D0A1CE60039729A /* Assets.xcassets */; };
		116D632C1D0A1CE60039729A /* LaunchScreen.storyboard in Resources */ = {isa = PBXBuildFile; fileRef = 116D632A1D0A1CE60039729A /* LaunchScreen.storyboard */; };
		11DB54391D46D9C6002835EB /* LanguageTableViewController.swift in Sources */ = {isa = PBXBuildFile; fileRef = 11DB54381D46D9C6002835EB /* LanguageTableViewController.swift */; };
		11DB543D1D484B43002835EB /* MapViewController.swift in Sources */ = {isa = PBXBuildFile; fileRef = 11DB543C1D484B43002835EB /* MapViewController.swift */; };
		11DB543F1D4A9AFA002835EB /* LoadingOverlay.swift in Sources */ = {isa = PBXBuildFile; fileRef = 11DB543E1D4A9AF9002835EB /* LoadingOverlay.swift */; };
		5C6BB94216F02367761C7DDF /* Pods_TourAssist.framework in Frameworks */ = {isa = PBXBuildFile; fileRef = BFE7C244FC236417EB4CCAF1 /* Pods_TourAssist.framework */; };
/* End PBXBuildFile section */

/* Begin PBXFileReference section */
		09EA778B501DA527219FDA50 /* Pods-TourAssist.release.xcconfig */ = {isa = PBXFileReference; includeInIndex = 1; lastKnownFileType = text.xcconfig; name = "Pods-TourAssist.release.xcconfig"; path = "Pods/Target Support Files/Pods-TourAssist/Pods-TourAssist.release.xcconfig"; sourceTree = "<group>"; };
		1106B3E41D21CD8600867C30 /* MapKit.framework */ = {isa = PBXFileReference; lastKnownFileType = wrapper.framework; name = MapKit.framework; path = System/Library/Frameworks/MapKit.framework; sourceTree = SDKROOT; };
		1116D62D1D234EA500403492 /* TourGuides.swift */ = {isa = PBXFileReference; fileEncoding = 4; lastKnownFileType = sourcecode.swift; path = TourGuides.swift; sourceTree = "<group>"; };
		1116D6311D24D6AE00403492 /* TourGuidesTableViewController.swift */ = {isa = PBXFileReference; fileEncoding = 4; lastKnownFileType = sourcecode.swift; path = TourGuidesTableViewController.swift; sourceTree = "<group>"; };
		1116D6391D25836E00403492 /* TourGuidesDetailViewController.swift */ = {isa = PBXFileReference; fileEncoding = 4; lastKnownFileType = sourcecode.swift; path = TourGuidesDetailViewController.swift; sourceTree = "<group>"; };
		1116D63B1D2C4F5C00403492 /* RegistrationViewController.swift */ = {isa = PBXFileReference; fileEncoding = 4; lastKnownFileType = sourcecode.swift; path = RegistrationViewController.swift; sourceTree = "<group>"; };
		1116D6921D35BCEA00403492 /* GoogleService-Info.plist */ = {isa = PBXFileReference; fileEncoding = 4; lastKnownFileType = text.plist.xml; path = "GoogleService-Info.plist"; sourceTree = "<group>"; };
		116D631E1D0A1CE60039729A /* TourAssist.app */ = {isa = PBXFileReference; explicitFileType = wrapper.application; includeInIndex = 0; path = TourAssist.app; sourceTree = BUILT_PRODUCTS_DIR; };
		116D63211D0A1CE60039729A /* AppDelegate.swift */ = {isa = PBXFileReference; lastKnownFileType = sourcecode.swift; path = AppDelegate.swift; sourceTree = "<group>"; };
		116D63231D0A1CE60039729A /* LoginViewController.swift */ = {isa = PBXFileReference; lastKnownFileType = sourcecode.swift; path = LoginViewController.swift; sourceTree = "<group>"; };
		116D63261D0A1CE60039729A /* Base */ = {isa = PBXFileReference; lastKnownFileType = file.storyboard; name = Base; path = Base.lproj/Main.storyboard; sourceTree = "<group>"; };
		116D63281D0A1CE60039729A /* Assets.xcassets */ = {isa = PBXFileReference; lastKnownFileType = folder.assetcatalog; path = Assets.xcassets; sourceTree = "<group>"; };
		116D632B1D0A1CE60039729A /* Base */ = {isa = PBXFileReference; lastKnownFileType = file.storyboard; name = Base; path = Base.lproj/LaunchScreen.storyboard; sourceTree = "<group>"; };
		116D632D1D0A1CE60039729A /* Info.plist */ = {isa = PBXFileReference; lastKnownFileType = text.plist.xml; path = Info.plist; sourceTree = "<group>"; };
		11DB54381D46D9C6002835EB /* LanguageTableViewController.swift */ = {isa = PBXFileReference; fileEncoding = 4; lastKnownFileType = sourcecode.swift; path = LanguageTableViewController.swift; sourceTree = "<group>"; };
		11DB543C1D484B43002835EB /* MapViewController.swift */ = {isa = PBXFileReference; fileEncoding = 4; lastKnownFileType = sourcecode.swift; path = MapViewController.swift; sourceTree = "<group>"; };
		11DB543E1D4A9AF9002835EB /* LoadingOverlay.swift */ = {isa = PBXFileReference; fileEncoding = 4; lastKnownFileType = sourcecode.swift; path = LoadingOverlay.swift; sourceTree = "<group>"; };
		5E84434039C96A08A86D6D5A /* Pods-TourAssist.debug.xcconfig */ = {isa = PBXFileReference; includeInIndex = 1; lastKnownFileType = text.xcconfig; name = "Pods-TourAssist.debug.xcconfig"; path = "Pods/Target Support Files/Pods-TourAssist/Pods-TourAssist.debug.xcconfig"; sourceTree = "<group>"; };
		BFE7C244FC236417EB4CCAF1 /* Pods_TourAssist.framework */ = {isa = PBXFileReference; explicitFileType = wrapper.framework; includeInIndex = 0; path = Pods_TourAssist.framework; sourceTree = BUILT_PRODUCTS_DIR; };
/* End PBXFileReference section */

/* Begin PBXFrameworksBuildPhase section */
		116D631B1D0A1CE60039729A /* Frameworks */ = {
			isa = PBXFrameworksBuildPhase;
			buildActionMask = 2147483647;
			files = (
				1106B3E51D21CD8600867C30 /* MapKit.framework in Frameworks */,
				5C6BB94216F02367761C7DDF /* Pods_TourAssist.framework in Frameworks */,
			);
			runOnlyForDeploymentPostprocessing = 0;
		};
/* End PBXFrameworksBuildPhase section */

/* Begin PBXGroup section */
		116D63151D0A1CE60039729A = {
			isa = PBXGroup;
			children = (
				1106B3E41D21CD8600867C30 /* MapKit.framework */,
				116D63201D0A1CE60039729A /* TourAssist */,
				116D631F1D0A1CE60039729A /* Products */,
				A227D5382212987201441F25 /* Pods */,
				B73FB972DAF7CB50E4BA434E /* Frameworks */,
			);
			sourceTree = "<group>";
		};
		116D631F1D0A1CE60039729A /* Products */ = {
			isa = PBXGroup;
			children = (
				116D631E1D0A1CE60039729A /* TourAssist.app */,
			);
			name = Products;
			sourceTree = "<group>";
		};
		116D63201D0A1CE60039729A /* TourAssist */ = {
			isa = PBXGroup;
			children = (
				116D63211D0A1CE60039729A /* AppDelegate.swift */,
				116D63231D0A1CE60039729A /* LoginViewController.swift */,
				116D63251D0A1CE60039729A /* Main.storyboard */,
				116D63281D0A1CE60039729A /* Assets.xcassets */,
				116D632A1D0A1CE60039729A /* LaunchScreen.storyboard */,
				1116D6921D35BCEA00403492 /* GoogleService-Info.plist */,
				116D632D1D0A1CE60039729A /* Info.plist */,
				1116D62D1D234EA500403492 /* TourGuides.swift */,
				1116D6311D24D6AE00403492 /* TourGuidesTableViewController.swift */,
				1116D6391D25836E00403492 /* TourGuidesDetailViewController.swift */,
				1116D63B1D2C4F5C00403492 /* RegistrationViewController.swift */,
				11DB54381D46D9C6002835EB /* LanguageTableViewController.swift */,
				11DB543C1D484B43002835EB /* MapViewController.swift */,
				11DB543E1D4A9AF9002835EB /* LoadingOverlay.swift */,
			);
			path = TourAssist;
			sourceTree = "<group>";
		};
		A227D5382212987201441F25 /* Pods */ = {
			isa = PBXGroup;
			children = (
				5E84434039C96A08A86D6D5A /* Pods-TourAssist.debug.xcconfig */,
				09EA778B501DA527219FDA50 /* Pods-TourAssist.release.xcconfig */,
			);
			name = Pods;
			sourceTree = "<group>";
		};
		B73FB972DAF7CB50E4BA434E /* Frameworks */ = {
			isa = PBXGroup;
			children = (
				BFE7C244FC236417EB4CCAF1 /* Pods_TourAssist.framework */,
			);
			name = Frameworks;
			sourceTree = "<group>";
		};
/* End PBXGroup section */

/* Begin PBXNativeTarget section */
		116D631D1D0A1CE60039729A /* TourAssist */ = {
			isa = PBXNativeTarget;
			buildConfigurationList = 116D63301D0A1CE60039729A /* Build configuration list for PBXNativeTarget "TourAssist" */;
			buildPhases = (
				1953F876FD83E9DD156BB8D3 /* [CP] Check Pods Manifest.lock */,
				116D631A1D0A1CE60039729A /* Sources */,
				116D631B1D0A1CE60039729A /* Frameworks */,
				116D631C1D0A1CE60039729A /* Resources */,
				8A22EF7D4658B09996565456 /* [CP] Embed Pods Frameworks */,
				466E4395A45FE22710CC627A /* [CP] Copy Pods Resources */,
			);
			buildRules = (
			);
			dependencies = (
			);
			name = TourAssist;
			productName = TourAssist;
			productReference = 116D631E1D0A1CE60039729A /* TourAssist.app */;
			productType = "com.apple.product-type.application";
		};
/* End PBXNativeTarget section */

/* Begin PBXProject section */
		116D63161D0A1CE60039729A /* Project object */ = {
			isa = PBXProject;
			attributes = {
				LastSwiftUpdateCheck = 0730;
				LastUpgradeCheck = 0730;
				ORGANIZATIONNAME = "Chee Chong Cheah";
				TargetAttributes = {
					116D631D1D0A1CE60039729A = {
						CreatedOnToolsVersion = 7.3.1;
						DevelopmentTeam = H5G68PLG6L;
					};
				};
			};
			buildConfigurationList = 116D63191D0A1CE60039729A /* Build configuration list for PBXProject "TourAssist" */;
			compatibilityVersion = "Xcode 3.2";
			developmentRegion = English;
			hasScannedForEncodings = 0;
			knownRegions = (
				en,
				Base,
			);
			mainGroup = 116D63151D0A1CE60039729A;
			productRefGroup = 116D631F1D0A1CE60039729A /* Products */;
			projectDirPath = "";
			projectRoot = "";
			targets = (
				116D631D1D0A1CE60039729A /* TourAssist */,
			);
		};
/* End PBXProject section */

/* Begin PBXResourcesBuildPhase section */
		116D631C1D0A1CE60039729A /* Resources */ = {
			isa = PBXResourcesBuildPhase;
			buildActionMask = 2147483647;
			files = (
				116D632C1D0A1CE60039729A /* LaunchScreen.storyboard in Resources */,
				1116D6931D35BCEA00403492 /* GoogleService-Info.plist in Resources */,
				116D63291D0A1CE60039729A /* Assets.xcassets in Resources */,
				116D63271D0A1CE60039729A /* Main.storyboard in Resources */,
			);
			runOnlyForDeploymentPostprocessing = 0;
		};
/* End PBXResourcesBuildPhase section */

/* Begin PBXShellScriptBuildPhase section */
		1953F876FD83E9DD156BB8D3 /* [CP] Check Pods Manifest.lock */ = {
			isa = PBXShellScriptBuildPhase;
			buildActionMask = 2147483647;
			files = (
			);
			inputPaths = (
			);
			name = "[CP] Check Pods Manifest.lock";
			outputPaths = (
			);
			runOnlyForDeploymentPostprocessing = 0;
			shellPath = /bin/sh;
			shellScript = "diff \"${PODS_ROOT}/../Podfile.lock\" \"${PODS_ROOT}/Manifest.lock\" > /dev/null\nif [[ $? != 0 ]] ; then\n    cat << EOM\nerror: The sandbox is not in sync with the Podfile.lock. Run 'pod install' or update your CocoaPods installation.\nEOM\n    exit 1\nfi\n";
			showEnvVarsInLog = 0;
		};
		466E4395A45FE22710CC627A /* [CP] Copy Pods Resources */ = {
			isa = PBXShellScriptBuildPhase;
			buildActionMask = 2147483647;
			files = (
			);
			inputPaths = (
			);
			name = "[CP] Copy Pods Resources";
			outputPaths = (
			);
			runOnlyForDeploymentPostprocessing = 0;
			shellPath = /bin/sh;
			shellScript = "\"${SRCROOT}/Pods/Target Support Files/Pods-TourAssist/Pods-TourAssist-resources.sh\"\n";
			showEnvVarsInLog = 0;
		};
		8A22EF7D4658B09996565456 /* [CP] Embed Pods Frameworks */ = {
			isa = PBXShellScriptBuildPhase;
			buildActionMask = 2147483647;
			files = (
			);
			inputPaths = (
			);
			name = "[CP] Embed Pods Frameworks";
			outputPaths = (
			);
			runOnlyForDeploymentPostprocessing = 0;
			shellPath = /bin/sh;
			shellScript = "\"${SRCROOT}/Pods/Target Support Files/Pods-TourAssist/Pods-TourAssist-frameworks.sh\"\n";
			showEnvVarsInLog = 0;
		};
/* End PBXShellScriptBuildPhase section */

/* Begin PBXSourcesBuildPhase section */
		116D631A1D0A1CE60039729A /* Sources */ = {
			isa = PBXSourcesBuildPhase;
			buildActionMask = 2147483647;
			files = (
				1116D6321D24D6AE00403492 /* TourGuidesTableViewController.swift in Sources */,
				1116D62E1D234EA500403492 /* TourGuides.swift in Sources */,
				116D63241D0A1CE60039729A /* LoginViewController.swift in Sources */,
				11DB543D1D484B43002835EB /* MapViewController.swift in Sources */,
				1116D63C1D2C4F5C00403492 /* RegistrationViewController.swift in Sources */,
				11DB54391D46D9C6002835EB /* LanguageTableViewController.swift in Sources */,
				1116D63A1D25836E00403492 /* TourGuidesDetailViewController.swift in Sources */,
				116D63221D0A1CE60039729A /* AppDelegate.swift in Sources */,
				11DB543F1D4A9AFA002835EB /* LoadingOverlay.swift in Sources */,
			);
			runOnlyForDeploymentPostprocessing = 0;
		};
/* End PBXSourcesBuildPhase section */

/* Begin PBXVariantGroup section */
		116D63251D0A1CE60039729A /* Main.storyboard */ = {
			isa = PBXVariantGroup;
			children = (
				116D63261D0A1CE60039729A /* Base */,
			);
			name = Main.storyboard;
			sourceTree = "<group>";
		};
		116D632A1D0A1CE60039729A /* LaunchScreen.storyboard */ = {
			isa = PBXVariantGroup;
			children = (
				116D632B1D0A1CE60039729A /* Base */,
			);
			name = LaunchScreen.storyboard;
			sourceTree = "<group>";
		};
/* End PBXVariantGroup section */

/* Begin XCBuildConfiguration section */
		116D632E1D0A1CE60039729A /* Debug */ = {
			isa = XCBuildConfiguration;
			buildSettings = {
				ALWAYS_SEARCH_USER_PATHS = NO;
				CLANG_ANALYZER_NONNULL = YES;
				CLANG_CXX_LANGUAGE_STANDARD = "gnu++0x";
				CLANG_CXX_LIBRARY = "libc++";
				CLANG_ENABLE_MODULES = YES;
				CLANG_ENABLE_OBJC_ARC = YES;
				CLANG_WARN_BOOL_CONVERSION = YES;
				CLANG_WARN_CONSTANT_CONVERSION = YES;
				CLANG_WARN_DIRECT_OBJC_ISA_USAGE = YES_ERROR;
				CLANG_WARN_EMPTY_BODY = YES;
				CLANG_WARN_ENUM_CONVERSION = YES;
				CLANG_WARN_INT_CONVERSION = YES;
				CLANG_WARN_OBJC_ROOT_CLASS = YES_ERROR;
				CLANG_WARN_UNREACHABLE_CODE = YES;
				CLANG_WARN__DUPLICATE_METHOD_MATCH = YES;
				"CODE_SIGN_IDENTITY[sdk=iphoneos*]" = "iPhone Developer";
				COPY_PHASE_STRIP = NO;
				DEBUG_INFORMATION_FORMAT = dwarf;
				ENABLE_STRICT_OBJC_MSGSEND = YES;
				ENABLE_TESTABILITY = YES;
				GCC_C_LANGUAGE_STANDARD = gnu99;
				GCC_DYNAMIC_NO_PIC = NO;
				GCC_NO_COMMON_BLOCKS = YES;
				GCC_OPTIMIZATION_LEVEL = 0;
				GCC_PREPROCESSOR_DEFINITIONS = (
					"DEBUG=1",
					"$(inherited)",
				);
				GCC_WARN_64_TO_32_BIT_CONVERSION = YES;
				GCC_WARN_ABOUT_RETURN_TYPE = YES_ERROR;
				GCC_WARN_UNDECLARED_SELECTOR = YES;
				GCC_WARN_UNINITIALIZED_AUTOS = YES_AGGRESSIVE;
				GCC_WARN_UNUSED_FUNCTION = YES;
				GCC_WARN_UNUSED_VARIABLE = YES;
				IPHONEOS_DEPLOYMENT_TARGET = 9.3;
				MTL_ENABLE_DEBUG_INFO = YES;
				ONLY_ACTIVE_ARCH = YES;
				SDKROOT = iphoneos;
				SWIFT_OPTIMIZATION_LEVEL = "-Onone";
				TARGETED_DEVICE_FAMILY = "1,2";
			};
			name = Debug;
		};
		116D632F1D0A1CE60039729A /* Release */ = {
			isa = XCBuildConfiguration;
			buildSettings = {
				ALWAYS_SEARCH_USER_PATHS = NO;
				CLANG_ANALYZER_NONNULL = YES;
				CLANG_CXX_LANGUAGE_STANDARD = "gnu++0x";
				CLANG_CXX_LIBRARY = "libc++";
				CLANG_ENABLE_MODULES = YES;
				CLANG_ENABLE_OBJC_ARC = YES;
				CLANG_WARN_BOOL_CONVERSION = YES;
				CLANG_WARN_CONSTANT_CONVERSION = YES;
				CLANG_WARN_DIRECT_OBJC_ISA_USAGE = YES_ERROR;
				CLANG_WARN_EMPTY_BODY = YES;
				CLANG_WARN_ENUM_CONVERSION = YES;
				CLANG_WARN_INT_CONVERSION = YES;
				CLANG_WARN_OBJC_ROOT_CLASS = YES_ERROR;
				CLANG_WARN_UNREACHABLE_CODE = YES;
				CLANG_WARN__DUPLICATE_METHOD_MATCH = YES;
				"CODE_SIGN_IDENTITY[sdk=iphoneos*]" = "iPhone Developer";
				COPY_PHASE_STRIP = NO;
				DEBUG_INFORMATION_FORMAT = "dwarf-with-dsym";
				ENABLE_NS_ASSERTIONS = NO;
				ENABLE_STRICT_OBJC_MSGSEND = YES;
				GCC_C_LANGUAGE_STANDARD = gnu99;
				GCC_NO_COMMON_BLOCKS = YES;
				GCC_WARN_64_TO_32_BIT_CONVERSION = YES;
				GCC_WARN_ABOUT_RETURN_TYPE = YES_ERROR;
				GCC_WARN_UNDECLARED_SELECTOR = YES;
				GCC_WARN_UNINITIALIZED_AUTOS = YES_AGGRESSIVE;
				GCC_WARN_UNUSED_FUNCTION = YES;
				GCC_WARN_UNUSED_VARIABLE = YES;
				IPHONEOS_DEPLOYMENT_TARGET = 9.3;
				MTL_ENABLE_DEBUG_INFO = NO;
				SDKROOT = iphoneos;
				TARGETED_DEVICE_FAMILY = "1,2";
				VALIDATE_PRODUCT = YES;
			};
			name = Release;
		};
		116D63311D0A1CE60039729A /* Debug */ = {
			isa = XCBuildConfiguration;
			baseConfigurationReference = 5E84434039C96A08A86D6D5A /* Pods-TourAssist.debug.xcconfig */;
			buildSettings = {
				ASSETCATALOG_COMPILER_APPICON_NAME = AppIcon;
				CODE_SIGN_IDENTITY = "iPhone Developer";
				"CODE_SIGN_IDENTITY[sdk=iphoneos*]" = "iPhone Developer";
				INFOPLIST_FILE = TourAssist/Info.plist;
				LD_RUNPATH_SEARCH_PATHS = "$(inherited) @executable_path/Frameworks";
				PRODUCT_BUNDLE_IDENTIFIER = jackyccc.TourAssist;
				PRODUCT_NAME = "$(TARGET_NAME)";
				PROVISIONING_PROFILE = "";
			};
			name = Debug;
		};
		116D63321D0A1CE60039729A /* Release */ = {
			isa = XCBuildConfiguration;
			baseConfigurationReference = 09EA778B501DA527219FDA50 /* Pods-TourAssist.release.xcconfig */;
			buildSettings = {
				ASSETCATALOG_COMPILER_APPICON_NAME = AppIcon;
				CODE_SIGN_IDENTITY = "iPhone Developer";
				"CODE_SIGN_IDENTITY[sdk=iphoneos*]" = "iPhone Developer";
				INFOPLIST_FILE = TourAssist/Info.plist;
				LD_RUNPATH_SEARCH_PATHS = "$(inherited) @executable_path/Frameworks";
				PRODUCT_BUNDLE_IDENTIFIER = jackyccc.TourAssist;
				PRODUCT_NAME = "$(TARGET_NAME)";
				PROVISIONING_PROFILE = "";
			};
			name = Release;
		};
/* End XCBuildConfiguration section */

/* Begin XCConfigurationList section */
		116D63191D0A1CE60039729A /* Build configuration list for PBXProject "TourAssist" */ = {
			isa = XCConfigurationList;
			buildConfigurations = (
				116D632E1D0A1CE60039729A /* Debug */,
				116D632F1D0A1CE60039729A /* Release */,
			);
			defaultConfigurationIsVisible = 0;
			defaultConfigurationName = Release;
		};
		116D63301D0A1CE60039729A /* Build configuration list for PBXNativeTarget "TourAssist" */ = {
			isa = XCConfigurationList;
			buildConfigurations = (
				116D63311D0A1CE60039729A /* Debug */,
				116D63321D0A1CE60039729A /* Release */,
			);
			defaultConfigurationIsVisible = 0;
			defaultConfigurationName = Release;
		};
/* End XCConfigurationList section */
	};
	rootObject = 116D63161D0A1CE60039729A /* Project object */;
}
